
Microsoft Visual Studio Solution File, Format Version 12.00
# Visual Studio Version 17
VisualStudioVersion = 17.10.35004.147
MinimumVisualStudioVersion = 10.0.40219.1
Project("{FAE04EC0-301F-11D3-BF4B-00C04F79EFBC}") = "kosarlabda", "kosarlabda\kosarlabda.csproj", "{485E3302-2223-432D-A0A7-B515F7317B38}"
EndProject
Global
	GlobalSection(SolutionConfigurationPlatforms) = preSolution
		Debug|Any CPU = Debug|Any CPU
		Release|Any CPU = Release|Any CPU
	EndGlobalSection
	GlobalSection(ProjectConfigurationPlatforms) = postSolution
		{485E3302-2223-432D-A0A7-B515F7317B38}.Debug|Any CPU.ActiveCfg = Debug|Any CPU
		{485E3302-2223-432D-A0A7-B515F7317B38}.Debug|Any CPU.Build.0 = Debug|Any CPU
		{485E3302-2223-432D-A0A7-B515F7317B38}.Release|Any CPU.ActiveCfg = Release|Any CPU
		{485E3302-2223-432D-A0A7-B515F7317B38}.Release|Any CPU.Build.0 = Release|Any CPU
	EndGlobalSection
	GlobalSection(SolutionProperties) = preSolution
		HideSolutionNode = FALSE
	EndGlobalSection
	GlobalSection(ExtensibilityGlobals) = postSolution
		SolutionGuid = {DF2DFAC8-5FA7-4A03-8DA8-65444472B6D6}
	EndGlobalSection
EndGlobal
